
Microsoft Visual Studio Solution File, Format Version 12.00
# Visual Studio 14
VisualStudioVersion = 14.0.23107.0
MinimumVisualStudioVersion = 10.0.40219.1
Project("{FAE04EC0-301F-11D3-BF4B-00C04F79EFBC}") = "ValerioWeb.UI", "ValerioWeb.UI\ValerioWeb.UI.csproj", "{8D44D596-1855-49C4-9BED-C6574A087909}"
EndProject
Project("{FAE04EC0-301F-11D3-BF4B-00C04F79EFBC}") = "ValerioWeb.Domaine", "ValerioWeb.Domaine\ValerioWeb.Domaine.csproj", "{8A4A66FB-1A0F-47EE-B23B-B927D0FA1C57}"
EndProject
Project("{FAE04EC0-301F-11D3-BF4B-00C04F79EFBC}") = "ValerioWeb.Dal", "ValerioWeb.DAL\ValerioWeb.Dal.csproj", "{59328CDE-AABC-42A7-A83B-2DDA716292E7}"
EndProject
Project("{FAE04EC0-301F-11D3-BF4B-00C04F79EFBC}") = "ValerioWeb.Controleur", "ValerioWeb.Controleur\ValerioWeb.Controleur.csproj", "{7D1B278F-2FA1-4DB7-9C32-543661BD172C}"
EndProject
Global
	GlobalSection(SolutionConfigurationPlatforms) = preSolution
		Debug|Any CPU = Debug|Any CPU
		Release|Any CPU = Release|Any CPU
	EndGlobalSection
	GlobalSection(ProjectConfigurationPlatforms) = postSolution
		{8D44D596-1855-49C4-9BED-C6574A087909}.Debug|Any CPU.ActiveCfg = Debug|Any CPU
		{8D44D596-1855-49C4-9BED-C6574A087909}.Debug|Any CPU.Build.0 = Debug|Any CPU
		{8D44D596-1855-49C4-9BED-C6574A087909}.Release|Any CPU.ActiveCfg = Release|Any CPU
		{8D44D596-1855-49C4-9BED-C6574A087909}.Release|Any CPU.Build.0 = Release|Any CPU
		{8A4A66FB-1A0F-47EE-B23B-B927D0FA1C57}.Debug|Any CPU.ActiveCfg = Debug|Any CPU
		{8A4A66FB-1A0F-47EE-B23B-B927D0FA1C57}.Debug|Any CPU.Build.0 = Debug|Any CPU
		{8A4A66FB-1A0F-47EE-B23B-B927D0FA1C57}.Release|Any CPU.ActiveCfg = Release|Any CPU
		{8A4A66FB-1A0F-47EE-B23B-B927D0FA1C57}.Release|Any CPU.Build.0 = Release|Any CPU
		{59328CDE-AABC-42A7-A83B-2DDA716292E7}.Debug|Any CPU.ActiveCfg = Debug|Any CPU
		{59328CDE-AABC-42A7-A83B-2DDA716292E7}.Debug|Any CPU.Build.0 = Debug|Any CPU
		{59328CDE-AABC-42A7-A83B-2DDA716292E7}.Release|Any CPU.ActiveCfg = Release|Any CPU
		{59328CDE-AABC-42A7-A83B-2DDA716292E7}.Release|Any CPU.Build.0 = Release|Any CPU
		{7D1B278F-2FA1-4DB7-9C32-543661BD172C}.Debug|Any CPU.ActiveCfg = Debug|Any CPU
		{7D1B278F-2FA1-4DB7-9C32-543661BD172C}.Debug|Any CPU.Build.0 = Debug|Any CPU
		{7D1B278F-2FA1-4DB7-9C32-543661BD172C}.Release|Any CPU.ActiveCfg = Release|Any CPU
		{7D1B278F-2FA1-4DB7-9C32-543661BD172C}.Release|Any CPU.Build.0 = Release|Any CPU
	EndGlobalSection
	GlobalSection(SolutionProperties) = preSolution
		HideSolutionNode = FALSE
	EndGlobalSection
EndGlobal
